
Microsoft Visual Studio Solution File, Format Version 12.00
# Visual Studio Version 17
VisualStudioVersion = 17.10.35013.160
MinimumVisualStudioVersion = 10.0.40219.1
Project("{9A19103F-16F7-4668-BE54-9A1E7A4F7556}") = "Arch.ILS.EconomicModel", "Arch.ILS.EconomicModel\Arch.ILS.EconomicModel.csproj", "{687DE46E-B964-4E39-B0D1-3F2C8B5A5411}"
EndProject
Project("{9A19103F-16F7-4668-BE54-9A1E7A4F7556}") = "Arch.ILS.EconomicModel.Benchmark", "Arch.ILS.EconomicModel.Benchmark\Arch.ILS.EconomicModel.Benchmark.csproj", "{BFEBB7BE-C9EB-47FA-8783-E556F31D0B90}"
EndProject
Project("{9A19103F-16F7-4668-BE54-9A1E7A4F7556}") = "Arch.ILS.EconomicModel.Console", "Arch.ILS.EconomicModel.Console\Arch.ILS.EconomicModel.Console.csproj", "{3411F895-31B3-4A68-982E-107B919F3118}"
EndProject
Project("{9A19103F-16F7-4668-BE54-9A1E7A4F7556}") = "Arch.ILS.Common", "..\Arch.ILS.Common\Arch.ILS.Common\Arch.ILS.Common.csproj", "{06176188-B895-45CB-A544-0116A52241FB}"
EndProject
Project("{9A19103F-16F7-4668-BE54-9A1E7A4F7556}") = "Arch.ILS.Core", "..\Arch.ILS.Core\Arch.ILS.Core\Arch.ILS.Core.csproj", "{39002927-96A7-4650-B1FB-BCA7774C11D4}"
EndProject
Project("{9A19103F-16F7-4668-BE54-9A1E7A4F7556}") = "Arch.ILS.DependencyEngine", "..\Arch.ILS.DependencyEngine\Arch.ILS.DependencyEngine\Arch.ILS.DependencyEngine.csproj", "{1A8310A6-FB19-485F-B0A7-532372AF0504}"
EndProject
Project("{9A19103F-16F7-4668-BE54-9A1E7A4F7556}") = "Arch.ILS.Snowflake", "..\Arch.ILS.Snowflake\Arch.ILS.Snowflake\Arch.ILS.Snowflake.csproj", "{39CE8EA6-1587-41F8-BE97-9F89E5E596A2}"
EndProject
Project("{9A19103F-16F7-4668-BE54-9A1E7A4F7556}") = "Arch.ILS.EconomicModel.Historical", "Arch.ILS.EconomicModel.Historical\Arch.ILS.EconomicModel.Historical.csproj", "{BF31B702-01F8-4343-9C6C-C7053FC1B48A}"
EndProject
Project("{9A19103F-16F7-4668-BE54-9A1E7A4F7556}") = "Arch.ILS.EconomicModel.Historical.Console", "Arch.ILS.EconomicModel.Historical.Console\Arch.ILS.EconomicModel.Historical.Console.csproj", "{5ECE153B-AFB1-4307-B33A-A77262CA561C}"
EndProject
Project("{9A19103F-16F7-4668-BE54-9A1E7A4F7556}") = "LargeLoss.LayeringService.Client", "..\LargeLoss.LayeringService.Client\LargeLoss.LayeringService.Client\LargeLoss.LayeringService.Client.csproj", "{7521256C-4B68-40C2-A42B-DF534CA273E4}"
EndProject
Project("{00D1A9C2-B5F0-4AF3-8072-F6C62B433612}") = "Arch.ILS.EconomicModel.Historical.Database", "Arch.ILS.EconomicModel.Historical.Database\Arch.ILS.EconomicModel.Historical.Database.sqlproj", "{A2A62697-11C5-4412-B3A3-8A1DC3071C4D}"
EndProject
Project("{9A19103F-16F7-4668-BE54-9A1E7A4F7556}") = "Arch.ILS.EconomicModel.UnitTest", "Arch.ILS.EconomicModel.UnitTest\Arch.ILS.EconomicModel.UnitTest.csproj", "{FFDB7F7E-8A0E-43D4-90D2-04BD7F0030D6}"
EndProject
Project("{9A19103F-16F7-4668-BE54-9A1E7A4F7556}") = "Studio.Core.Sql", "..\Studio.Core\Studio.Core.Sql\Studio.Core.Sql.csproj", "{0F3D3606-2F77-43B2-B2A6-59F4C5580FE2}"
EndProject
Project("{9A19103F-16F7-4668-BE54-9A1E7A4F7556}") = "Studio.Core", "..\Studio.Core\Studio.Core\Studio.Core.csproj", "{85713DC9-C62D-478C-A2AD-C70AA200F602}"
EndProject
Project("{9A19103F-16F7-4668-BE54-9A1E7A4F7556}") = "Arch.ILS.IntelMKL", "..\Arch.ILS.IntelMKL\Arch.ILS.IntelMKL\Arch.ILS.IntelMKL.csproj", "{1B07F400-29F5-4BC8-ABA9-F9630E094FEE}"
EndProject
Project("{FAE04EC0-301F-11D3-BF4B-00C04F79EFBC}") = "Arch.ILS.EconomicModel.Stochastic", "Arch.ILS.EconomicModel.Stochastic\Arch.ILS.EconomicModel.Stochastic.csproj", "{F891F1B7-E4E4-4064-B40B-0F9142E10F55}"
EndProject
Project("{FAE04EC0-301F-11D3-BF4B-00C04F79EFBC}") = "Arch.ILS.EconomicModel.Stochastic.Console", "Arch.ILS.EconomicModel.Stochastic.Console\Arch.ILS.EconomicModel.Stochastic.Console.csproj", "{88E77058-D0A2-4D75-ACE3-B35CF2E31939}"
EndProject
Project("{9A19103F-16F7-4668-BE54-9A1E7A4F7556}") = "Service", "..\archre2\LargeLoss.LayeringService\Service\Service.csproj", "{8395EB1B-A553-4970-9AD4-BF3E972A7270}"
EndProject
Global
	GlobalSection(SolutionConfigurationPlatforms) = preSolution
		Debug|Any CPU = Debug|Any CPU
		Release|Any CPU = Release|Any CPU
	EndGlobalSection
	GlobalSection(ProjectConfigurationPlatforms) = postSolution
		{687DE46E-B964-4E39-B0D1-3F2C8B5A5411}.Debug|Any CPU.ActiveCfg = Debug|Any CPU
		{687DE46E-B964-4E39-B0D1-3F2C8B5A5411}.Debug|Any CPU.Build.0 = Debug|Any CPU
		{687DE46E-B964-4E39-B0D1-3F2C8B5A5411}.Release|Any CPU.ActiveCfg = Release|Any CPU
		{687DE46E-B964-4E39-B0D1-3F2C8B5A5411}.Release|Any CPU.Build.0 = Release|Any CPU
		{BFEBB7BE-C9EB-47FA-8783-E556F31D0B90}.Debug|Any CPU.ActiveCfg = Debug|Any CPU
		{BFEBB7BE-C9EB-47FA-8783-E556F31D0B90}.Debug|Any CPU.Build.0 = Debug|Any CPU
		{BFEBB7BE-C9EB-47FA-8783-E556F31D0B90}.Release|Any CPU.ActiveCfg = Release|Any CPU
		{BFEBB7BE-C9EB-47FA-8783-E556F31D0B90}.Release|Any CPU.Build.0 = Release|Any CPU
		{3411F895-31B3-4A68-982E-107B919F3118}.Debug|Any CPU.ActiveCfg = Debug|Any CPU
		{3411F895-31B3-4A68-982E-107B919F3118}.Debug|Any CPU.Build.0 = Debug|Any CPU
		{3411F895-31B3-4A68-982E-107B919F3118}.Release|Any CPU.ActiveCfg = Release|Any CPU
		{3411F895-31B3-4A68-982E-107B919F3118}.Release|Any CPU.Build.0 = Release|Any CPU
		{06176188-B895-45CB-A544-0116A52241FB}.Debug|Any CPU.ActiveCfg = Debug|Any CPU
		{06176188-B895-45CB-A544-0116A52241FB}.Debug|Any CPU.Build.0 = Debug|Any CPU
		{06176188-B895-45CB-A544-0116A52241FB}.Release|Any CPU.ActiveCfg = Release|Any CPU
		{06176188-B895-45CB-A544-0116A52241FB}.Release|Any CPU.Build.0 = Release|Any CPU
		{39002927-96A7-4650-B1FB-BCA7774C11D4}.Debug|Any CPU.ActiveCfg = Debug|Any CPU
		{39002927-96A7-4650-B1FB-BCA7774C11D4}.Debug|Any CPU.Build.0 = Debug|Any CPU
		{39002927-96A7-4650-B1FB-BCA7774C11D4}.Release|Any CPU.ActiveCfg = Release|Any CPU
		{39002927-96A7-4650-B1FB-BCA7774C11D4}.Release|Any CPU.Build.0 = Release|Any CPU
		{1A8310A6-FB19-485F-B0A7-532372AF0504}.Debug|Any CPU.ActiveCfg = Debug|Any CPU
		{1A8310A6-FB19-485F-B0A7-532372AF0504}.Debug|Any CPU.Build.0 = Debug|Any CPU
		{1A8310A6-FB19-485F-B0A7-532372AF0504}.Release|Any CPU.ActiveCfg = Release|Any CPU
		{1A8310A6-FB19-485F-B0A7-532372AF0504}.Release|Any CPU.Build.0 = Release|Any CPU
		{39CE8EA6-1587-41F8-BE97-9F89E5E596A2}.Debug|Any CPU.ActiveCfg = Debug|Any CPU
		{39CE8EA6-1587-41F8-BE97-9F89E5E596A2}.Debug|Any CPU.Build.0 = Debug|Any CPU
		{39CE8EA6-1587-41F8-BE97-9F89E5E596A2}.Release|Any CPU.ActiveCfg = Release|Any CPU
		{39CE8EA6-1587-41F8-BE97-9F89E5E596A2}.Release|Any CPU.Build.0 = Release|Any CPU
		{BF31B702-01F8-4343-9C6C-C7053FC1B48A}.Debug|Any CPU.ActiveCfg = Debug|Any CPU
		{BF31B702-01F8-4343-9C6C-C7053FC1B48A}.Debug|Any CPU.Build.0 = Debug|Any CPU
		{BF31B702-01F8-4343-9C6C-C7053FC1B48A}.Release|Any CPU.ActiveCfg = Release|Any CPU
		{BF31B702-01F8-4343-9C6C-C7053FC1B48A}.Release|Any CPU.Build.0 = Release|Any CPU
		{5ECE153B-AFB1-4307-B33A-A77262CA561C}.Debug|Any CPU.ActiveCfg = Debug|Any CPU
		{5ECE153B-AFB1-4307-B33A-A77262CA561C}.Debug|Any CPU.Build.0 = Debug|Any CPU
		{5ECE153B-AFB1-4307-B33A-A77262CA561C}.Release|Any CPU.ActiveCfg = Release|Any CPU
		{5ECE153B-AFB1-4307-B33A-A77262CA561C}.Release|Any CPU.Build.0 = Release|Any CPU
		{7521256C-4B68-40C2-A42B-DF534CA273E4}.Debug|Any CPU.ActiveCfg = Debug|Any CPU
		{7521256C-4B68-40C2-A42B-DF534CA273E4}.Debug|Any CPU.Build.0 = Debug|Any CPU
		{7521256C-4B68-40C2-A42B-DF534CA273E4}.Release|Any CPU.ActiveCfg = Release|Any CPU
		{7521256C-4B68-40C2-A42B-DF534CA273E4}.Release|Any CPU.Build.0 = Release|Any CPU
		{A2A62697-11C5-4412-B3A3-8A1DC3071C4D}.Debug|Any CPU.ActiveCfg = Debug|Any CPU
		{A2A62697-11C5-4412-B3A3-8A1DC3071C4D}.Debug|Any CPU.Deploy.0 = Debug|Any CPU
		{A2A62697-11C5-4412-B3A3-8A1DC3071C4D}.Release|Any CPU.ActiveCfg = Release|Any CPU
		{A2A62697-11C5-4412-B3A3-8A1DC3071C4D}.Release|Any CPU.Deploy.0 = Release|Any CPU
		{FFDB7F7E-8A0E-43D4-90D2-04BD7F0030D6}.Debug|Any CPU.ActiveCfg = Debug|Any CPU
		{FFDB7F7E-8A0E-43D4-90D2-04BD7F0030D6}.Debug|Any CPU.Build.0 = Debug|Any CPU
		{FFDB7F7E-8A0E-43D4-90D2-04BD7F0030D6}.Release|Any CPU.ActiveCfg = Release|Any CPU
		{FFDB7F7E-8A0E-43D4-90D2-04BD7F0030D6}.Release|Any CPU.Build.0 = Release|Any CPU
		{0F3D3606-2F77-43B2-B2A6-59F4C5580FE2}.Debug|Any CPU.ActiveCfg = Debug|Any CPU
		{0F3D3606-2F77-43B2-B2A6-59F4C5580FE2}.Debug|Any CPU.Build.0 = Debug|Any CPU
		{0F3D3606-2F77-43B2-B2A6-59F4C5580FE2}.Release|Any CPU.ActiveCfg = Release|Any CPU
		{0F3D3606-2F77-43B2-B2A6-59F4C5580FE2}.Release|Any CPU.Build.0 = Release|Any CPU
		{85713DC9-C62D-478C-A2AD-C70AA200F602}.Debug|Any CPU.ActiveCfg = Debug|Any CPU
		{85713DC9-C62D-478C-A2AD-C70AA200F602}.Debug|Any CPU.Build.0 = Debug|Any CPU
		{85713DC9-C62D-478C-A2AD-C70AA200F602}.Release|Any CPU.ActiveCfg = Release|Any CPU
		{85713DC9-C62D-478C-A2AD-C70AA200F602}.Release|Any CPU.Build.0 = Release|Any CPU
		{1B07F400-29F5-4BC8-ABA9-F9630E094FEE}.Debug|Any CPU.ActiveCfg = Debug|Any CPU
		{1B07F400-29F5-4BC8-ABA9-F9630E094FEE}.Debug|Any CPU.Build.0 = Debug|Any CPU
		{1B07F400-29F5-4BC8-ABA9-F9630E094FEE}.Release|Any CPU.ActiveCfg = Release|Any CPU
		{1B07F400-29F5-4BC8-ABA9-F9630E094FEE}.Release|Any CPU.Build.0 = Release|Any CPU
		{F891F1B7-E4E4-4064-B40B-0F9142E10F55}.Debug|Any CPU.ActiveCfg = Debug|Any CPU
		{F891F1B7-E4E4-4064-B40B-0F9142E10F55}.Debug|Any CPU.Build.0 = Debug|Any CPU
		{F891F1B7-E4E4-4064-B40B-0F9142E10F55}.Release|Any CPU.ActiveCfg = Release|Any CPU
		{F891F1B7-E4E4-4064-B40B-0F9142E10F55}.Release|Any CPU.Build.0 = Release|Any CPU
		{88E77058-D0A2-4D75-ACE3-B35CF2E31939}.Debug|Any CPU.ActiveCfg = Debug|Any CPU
		{88E77058-D0A2-4D75-ACE3-B35CF2E31939}.Debug|Any CPU.Build.0 = Debug|Any CPU
		{88E77058-D0A2-4D75-ACE3-B35CF2E31939}.Release|Any CPU.ActiveCfg = Release|Any CPU
		{88E77058-D0A2-4D75-ACE3-B35CF2E31939}.Release|Any CPU.Build.0 = Release|Any CPU
		{8395EB1B-A553-4970-9AD4-BF3E972A7270}.Debug|Any CPU.ActiveCfg = Debug|Any CPU
		{8395EB1B-A553-4970-9AD4-BF3E972A7270}.Debug|Any CPU.Build.0 = Debug|Any CPU
		{8395EB1B-A553-4970-9AD4-BF3E972A7270}.Release|Any CPU.ActiveCfg = Release|Any CPU
		{8395EB1B-A553-4970-9AD4-BF3E972A7270}.Release|Any CPU.Build.0 = Release|Any CPU
	EndGlobalSection
	GlobalSection(SolutionProperties) = preSolution
		HideSolutionNode = FALSE
	EndGlobalSection
	GlobalSection(ExtensibilityGlobals) = postSolution
		SolutionGuid = {1EFCA7CB-F0DC-4827-97E4-E5935417D76C}
	EndGlobalSection
EndGlobal
